
Microsoft Visual Studio Solution File, Format Version 11.00
# Visual Studio 2010
Project("{FAE04EC0-301F-11D3-BF4B-00C04F79EFBC}") = "Assembly-CSharp", "Assembly-CSharp.csproj", "{59B6E1B0-533F-AF2E-B6FF-2FC0BD793FCF}"
EndProject
Project("{FAE04EC0-301F-11D3-BF4B-00C04F79EFBC}") = "Assembly-CSharp-Editor", "Assembly-CSharp-Editor.csproj", "{EF29828D-E7CE-446E-2C8F-F6466BD4AC47}"
EndProject
Global
	GlobalSection(SolutionConfigurationPlatforms) = preSolution
		Debug|Any CPU = Debug|Any CPU
		Release|Any CPU = Release|Any CPU
	EndGlobalSection
	GlobalSection(ProjectConfigurationPlatforms) = postSolution
		{59B6E1B0-533F-AF2E-B6FF-2FC0BD793FCF}.Debug|Any CPU.ActiveCfg = Debug|Any CPU
		{59B6E1B0-533F-AF2E-B6FF-2FC0BD793FCF}.Debug|Any CPU.Build.0 = Debug|Any CPU
		{59B6E1B0-533F-AF2E-B6FF-2FC0BD793FCF}.Release|Any CPU.ActiveCfg = Release|Any CPU
		{59B6E1B0-533F-AF2E-B6FF-2FC0BD793FCF}.Release|Any CPU.Build.0 = Release|Any CPU
		{EF29828D-E7CE-446E-2C8F-F6466BD4AC47}.Debug|Any CPU.ActiveCfg = Debug|Any CPU
		{EF29828D-E7CE-446E-2C8F-F6466BD4AC47}.Debug|Any CPU.Build.0 = Debug|Any CPU
		{EF29828D-E7CE-446E-2C8F-F6466BD4AC47}.Release|Any CPU.ActiveCfg = Release|Any CPU
		{EF29828D-E7CE-446E-2C8F-F6466BD4AC47}.Release|Any CPU.Build.0 = Release|Any CPU
	EndGlobalSection
	GlobalSection(SolutionProperties) = preSolution
		HideSolutionNode = FALSE
	EndGlobalSection
EndGlobal
